
Microsoft Visual Studio Solution File, Format Version 12.00
# Visual Studio Version 17
VisualStudioVersion = 17.8.34525.116
MinimumVisualStudioVersion = 10.0.40219.1
Project("{FAE04EC0-301F-11D3-BF4B-00C04F79EFBC}") = "BulkyBookWeb", "BulkyBookWeb\BulkyBookWeb.csproj", "{86DD751E-206B-45EF-BC7B-0095AC2F5CD5}"
EndProject
Global
	GlobalSection(SolutionConfigurationPlatforms) = preSolution
		Debug|Any CPU = Debug|Any CPU
		Release|Any CPU = Release|Any CPU
	EndGlobalSection
	GlobalSection(ProjectConfigurationPlatforms) = postSolution
		{86DD751E-206B-45EF-BC7B-0095AC2F5CD5}.Debug|Any CPU.ActiveCfg = Debug|Any CPU
		{86DD751E-206B-45EF-BC7B-0095AC2F5CD5}.Debug|Any CPU.Build.0 = Debug|Any CPU
		{86DD751E-206B-45EF-BC7B-0095AC2F5CD5}.Release|Any CPU.ActiveCfg = Release|Any CPU
		{86DD751E-206B-45EF-BC7B-0095AC2F5CD5}.Release|Any CPU.Build.0 = Release|Any CPU
	EndGlobalSection
	GlobalSection(SolutionProperties) = preSolution
		HideSolutionNode = FALSE
	EndGlobalSection
	GlobalSection(ExtensibilityGlobals) = postSolution
		SolutionGuid = {150729C3-A9A0-4A26-BF4A-0976D7F73DE7}
	EndGlobalSection
EndGlobal
